
Microsoft Visual Studio Solution File, Format Version 12.00
# Visual Studio Version 17
VisualStudioVersion = 17.3.32922.545
MinimumVisualStudioVersion = 10.0.40219.1
Project("{FAE04EC0-301F-11D3-BF4B-00C04F79EFBC}") = "Inverse", "Inverse\Inverse.csproj", "{34978E5A-3FA9-4D64-9B6E-9EAD8635F61F}"
EndProject
Global
	GlobalSection(SolutionConfigurationPlatforms) = preSolution
		Debug|Any CPU = Debug|Any CPU
		Release|Any CPU = Release|Any CPU
	EndGlobalSection
	GlobalSection(ProjectConfigurationPlatforms) = postSolution
		{34978E5A-3FA9-4D64-9B6E-9EAD8635F61F}.Debug|Any CPU.ActiveCfg = Debug|Any CPU
		{34978E5A-3FA9-4D64-9B6E-9EAD8635F61F}.Debug|Any CPU.Build.0 = Debug|Any CPU
		{34978E5A-3FA9-4D64-9B6E-9EAD8635F61F}.Release|Any CPU.ActiveCfg = Release|Any CPU
		{34978E5A-3FA9-4D64-9B6E-9EAD8635F61F}.Release|Any CPU.Build.0 = Release|Any CPU
	EndGlobalSection
	GlobalSection(SolutionProperties) = preSolution
		HideSolutionNode = FALSE
	EndGlobalSection
	GlobalSection(ExtensibilityGlobals) = postSolution
		SolutionGuid = {35C60DD4-F6CC-4E22-B061-3F3A674DDE08}
	EndGlobalSection
EndGlobal
