
Microsoft Visual Studio Solution File, Format Version 12.00
# Visual Studio Version 17
VisualStudioVersion = 17.5.33502.453
MinimumVisualStudioVersion = 10.0.40219.1
Project("{FAE04EC0-301F-11D3-BF4B-00C04F79EFBC}") = "Calculadora", "ConsoleApp1\Calculadora.csproj", "{8573E1A8-0D6D-466F-A2BA-885646836B51}"
EndProject
Global
	GlobalSection(SolutionConfigurationPlatforms) = preSolution
		Debug|Any CPU = Debug|Any CPU
		Release|Any CPU = Release|Any CPU
	EndGlobalSection
	GlobalSection(ProjectConfigurationPlatforms) = postSolution
		{8573E1A8-0D6D-466F-A2BA-885646836B51}.Debug|Any CPU.ActiveCfg = Debug|Any CPU
		{8573E1A8-0D6D-466F-A2BA-885646836B51}.Debug|Any CPU.Build.0 = Debug|Any CPU
		{8573E1A8-0D6D-466F-A2BA-885646836B51}.Release|Any CPU.ActiveCfg = Release|Any CPU
		{8573E1A8-0D6D-466F-A2BA-885646836B51}.Release|Any CPU.Build.0 = Release|Any CPU
	EndGlobalSection
	GlobalSection(SolutionProperties) = preSolution
		HideSolutionNode = FALSE
	EndGlobalSection
	GlobalSection(ExtensibilityGlobals) = postSolution
		SolutionGuid = {AF3E8787-72CB-4AD3-A781-76BBC7A162EC}
	EndGlobalSection
EndGlobal
